
Microsoft Visual Studio Solution File, Format Version 12.00
# Visual Studio Version 16
VisualStudioVersion = 16.0.30011.22
MinimumVisualStudioVersion = 10.0.40219.1
Project("{FAE04EC0-301F-11D3-BF4B-00C04F79EFBC}") = "HackBotDBEditor", "HackBotDBEditor\HackBotDBEditor.csproj", "{9C4C66D6-EB17-41EB-8FE7-6D72F1000F6A}"
EndProject
Global
	GlobalSection(SolutionConfigurationPlatforms) = preSolution
		Debug|Any CPU = Debug|Any CPU
		Release|Any CPU = Release|Any CPU
	EndGlobalSection
	GlobalSection(ProjectConfigurationPlatforms) = postSolution
		{9C4C66D6-EB17-41EB-8FE7-6D72F1000F6A}.Debug|Any CPU.ActiveCfg = Debug|Any CPU
		{9C4C66D6-EB17-41EB-8FE7-6D72F1000F6A}.Debug|Any CPU.Build.0 = Debug|Any CPU
		{9C4C66D6-EB17-41EB-8FE7-6D72F1000F6A}.Release|Any CPU.ActiveCfg = Release|Any CPU
		{9C4C66D6-EB17-41EB-8FE7-6D72F1000F6A}.Release|Any CPU.Build.0 = Release|Any CPU
	EndGlobalSection
	GlobalSection(SolutionProperties) = preSolution
		HideSolutionNode = FALSE
	EndGlobalSection
	GlobalSection(ExtensibilityGlobals) = postSolution
		SolutionGuid = {7BADE27D-5815-41B6-8FB0-489C4F90B200}
	EndGlobalSection
EndGlobal
